
Microsoft Visual Studio Solution File, Format Version 12.00
# Visual Studio Version 16
VisualStudioVersion = 16.0.28922.388
MinimumVisualStudioVersion = 10.0.40219.1
Project("{FAE04EC0-301F-11D3-BF4B-00C04F79EFBC}") = "WebApplication3", "WebApplication3.csproj", "{BB35B6BA-37C3-4C04-AACE-5F0C8809F40A}"
EndProject
Project("{FAE04EC0-301F-11D3-BF4B-00C04F79EFBC}") = "WebApplication3.Tests", "..\WebApplication3.Tests\WebApplication3.Tests.csproj", "{D8F89D60-99F7-4A91-B36B-A63CBB5F01C8}"
EndProject
Global
	GlobalSection(SolutionConfigurationPlatforms) = preSolution
		Debug|Any CPU = Debug|Any CPU
		Release|Any CPU = Release|Any CPU
	EndGlobalSection
	GlobalSection(ProjectConfigurationPlatforms) = postSolution
		{BB35B6BA-37C3-4C04-AACE-5F0C8809F40A}.Debug|Any CPU.ActiveCfg = Debug|Any CPU
		{BB35B6BA-37C3-4C04-AACE-5F0C8809F40A}.Debug|Any CPU.Build.0 = Debug|Any CPU
		{BB35B6BA-37C3-4C04-AACE-5F0C8809F40A}.Release|Any CPU.ActiveCfg = Release|Any CPU
		{BB35B6BA-37C3-4C04-AACE-5F0C8809F40A}.Release|Any CPU.Build.0 = Release|Any CPU
		{D8F89D60-99F7-4A91-B36B-A63CBB5F01C8}.Debug|Any CPU.ActiveCfg = Debug|Any CPU
		{D8F89D60-99F7-4A91-B36B-A63CBB5F01C8}.Debug|Any CPU.Build.0 = Debug|Any CPU
		{D8F89D60-99F7-4A91-B36B-A63CBB5F01C8}.Release|Any CPU.ActiveCfg = Release|Any CPU
		{D8F89D60-99F7-4A91-B36B-A63CBB5F01C8}.Release|Any CPU.Build.0 = Release|Any CPU
	EndGlobalSection
	GlobalSection(SolutionProperties) = preSolution
		HideSolutionNode = FALSE
	EndGlobalSection
	GlobalSection(ExtensibilityGlobals) = postSolution
		SolutionGuid = {F94C0E03-7765-49F4-BAFB-5AC8CF3F01CB}
	EndGlobalSection
EndGlobal
